<?xml version="1.0" encoding="utf-8"?>
<Project ToolsVersion="4.0" xmlns="http://schemas.microsoft.com/developer/msbuild/2003">
  <ItemGroup>
    <Filter Include="Source Files">
      <UniqueIdentifier>{4FC737F1-C7A5-4376-A066-2A32D752A2FF}</UniqueIdentifier>
      <Extensions>cpp;c;cc;cxx;def;odl;idl;hpj;bat;asm;asmx</Extensions>
    </Filter>
    <Filter Include="Header Files">
      <UniqueIdentifier>{93995380-89BD-4b04-88EB-625FBE52EBFB}</UniqueIdentifier>
      <Extensions>h;hpp;hxx;hm;inl;inc;xsd</Extensions>
    </Filter>
    <Filter Include="Resource Files">
      <UniqueIdentifier>{67DA6AB6-F800-4c08-8B7A-83BB121AAD01}</UniqueIdentifier>
      <Extensions>rc;ico;cur;bmp;dlg;rc2;rct;bin;rgs;gif;jpg;jpeg;jpe;resx;tiff;tif;png;wav;mfcribbon-ms</Extensions>
    </Filter>
    <Filter Include="net">
      <UniqueIdentifier>{9e46108b-6daa-4613-8b34-6a9b0f6d7330}</UniqueIdentifier>
    </Filter>
    <Filter Include="net\inc">
      <UniqueIdentifier>{59fc50a6-f17b-4c8d-a4b3-78df2f8c1c6e}</UniqueIdentifier>
    </Filter>
    <Filter Include="net\src">
      <UniqueIdentifier>{894cdbe9-3a2f-4e7c-88b3-438a548b0437}</UniqueIdentifier>
    </Filter>
    <Filter Include="inc">
      <UniqueIdentifier>{7f0e85db-599a-40a2-9c4e-2f0821b9ae6b}</UniqueIdentifier>
    </Filter>
    <Filter Include="src">
      <UniqueIdentifier>{3117f3e8-4976-4665-ab25-0ec107e46ff3}</UniqueIdentifier>
    </Filter>
    <Filter Include="app">
      <UniqueIdentifier>{0473c3a0-ae37-421d-9d03-9ce46a204436}</UniqueIdentifier>
    </Filter>
    <Filter Include="app\inc">
      <UniqueIdentifier>{93105ee4-654f-4a0b-8729-38bf9c4995ad}</UniqueIdentifier>
    </Filter>
    <Filter Include="app\src">
      <UniqueIdentifier>{cb8589fa-6f3e-4dcc-98ec-91158e76624f}</UniqueIdentifier>
    </Filter>
    <Filter Include="xt_api">
      <UniqueIdentifier>{3c517433-6f79-4771-b94c-23819e962fe4}</UniqueIdentifier>
    </Filter>
    <Filter Include="util">
      <UniqueIdentifier>{b23706dc-42ed-4a5b-aa89-fb650caf69c2}</UniqueIdentifier>
    </Filter>
    <Filter Include="util\inc">
      <UniqueIdentifier>{2f4b1080-6792-46c0-9b2e-6256bb2c0c4c}</UniqueIdentifier>
    </Filter>
    <Filter Include="util\src">
      <UniqueIdentifier>{6490a8e8-8efa-4b61-8574-374c756b8fbf}</UniqueIdentifier>
    </Filter>
    <Filter Include="net\_reactor">
      <UniqueIdentifier>{e6c9e4f1-6817-4a6b-9eb9-cc331cc3e589}</UniqueIdentifier>
    </Filter>
    <Filter Include="Header Files\inc">
      <UniqueIdentifier>{e9738da3-d4e8-4831-a8de-1b69c947a765}</UniqueIdentifier>
    </Filter>
    <Filter Include="Source Files\src">
      <UniqueIdentifier>{79a98582-99d9-4ae6-bc3a-0a4d4c178252}</UniqueIdentifier>
    </Filter>
    <Filter Include="app\internal">
      <UniqueIdentifier>{2e6b69e2-c771-4fe3-99ff-cd22126efa2f}</UniqueIdentifier>
    </Filter>
    <Filter Include="app\xafx">
      <UniqueIdentifier>{fdf59212-b2af-49b7-b973-ebde55e5b02f}</UniqueIdentifier>
    </Filter>
  </ItemGroup>
  <ItemGroup>
    <None Include="ReadMe.txt" />
  </ItemGroup>
  <ItemGroup>
    <ClInclude Include="stdafx.h">
      <Filter>Header Files</Filter>
    </ClInclude>
    <ClInclude Include="targetver.h">
      <Filter>Header Files</Filter>
    </ClInclude>
    <ClInclude Include="..\..\xt_api\xt_file_api.h">
      <Filter>xt_api</Filter>
    </ClInclude>
    <ClInclude Include="..\..\xt_api\xt_file_define.h">
      <Filter>xt_api</Filter>
    </ClInclude>
    <ClInclude Include="..\..\xt_api\xt_ftw_win.h">
      <Filter>xt_api</Filter>
    </ClInclude>
    <ClInclude Include="..\..\xt_api\xt_io_api.h">
      <Filter>xt_api</Filter>
    </ClInclude>
    <ClInclude Include="..\..\xt_api\xt_mem_api.h">
      <Filter>xt_api</Filter>
    </ClInclude>
    <ClInclude Include="..\..\xt_api\xt_net_api.h">
      <Filter>xt_api</Filter>
    </ClInclude>
    <ClInclude Include="..\..\xt_api\xt_net_define.h">
      <Filter>xt_api</Filter>
    </ClInclude>
    <ClInclude Include="..\..\xt_api\xt_sig_api.h">
      <Filter>xt_api</Filter>
    </ClInclude>
    <ClInclude Include="..\..\xt_api\xt_str_api.h">
      <Filter>xt_api</Filter>
    </ClInclude>
    <ClInclude Include="..\..\xt_api\xt_thread_api.h">
      <Filter>xt_api</Filter>
    </ClInclude>
    <ClInclude Include="..\..\xt_api\xt_time_api.h">
      <Filter>xt_api</Filter>
    </ClInclude>
    <ClInclude Include="..\..\xt_api\platform.h">
      <Filter>xt_api</Filter>
    </ClInclude>
    <ClInclude Include="..\..\xt_api\xtchar.h">
      <Filter>xt_api</Filter>
    </ClInclude>
    <ClInclude Include="..\..\xt_api\xt_define.h">
      <Filter>xt_api</Filter>
    </ClInclude>
    <ClInclude Include="..\..\xt_api\xt_error.h">
      <Filter>xt_api</Filter>
    </ClInclude>
    <ClInclude Include="..\..\xt_api\xtypes.h">
      <Filter>xt_api</Filter>
    </ClInclude>
    <ClInclude Include="..\..\app\inc\XtApp.h">
      <Filter>app\inc</Filter>
    </ClInclude>
    <ClInclude Include="..\..\util\inc\xt_cmd_line.h">
      <Filter>util\inc</Filter>
    </ClInclude>
    <ClInclude Include="..\..\util\inc\xt_ticker.h">
      <Filter>util\inc</Filter>
    </ClInclude>
    <ClInclude Include="..\..\util\inc\xt_timer.h">
      <Filter>util\inc</Filter>
    </ClInclude>
    <ClInclude Include="..\..\util\inc\XtMemAlloc.h">
      <Filter>util\inc</Filter>
    </ClInclude>
    <ClInclude Include="..\..\util\inc\XtObjPool.h">
      <Filter>util\inc</Filter>
    </ClInclude>
    <ClInclude Include="..\..\util\inc\XtRuntimeClass.h">
      <Filter>util\inc</Filter>
    </ClInclude>
    <ClInclude Include="..\..\net\reactor\xt_reactor_define.h">
      <Filter>net\_reactor</Filter>
    </ClInclude>
    <ClInclude Include="..\..\net\reactor\XtEventHandler.h">
      <Filter>net\_reactor</Filter>
    </ClInclude>
    <ClInclude Include="..\..\net\reactor\XtReactor.h">
      <Filter>net\_reactor</Filter>
    </ClInclude>
    <ClInclude Include="..\..\util\inc\xt_alg_sort_qsort.h">
      <Filter>util\inc</Filter>
    </ClInclude>
    <ClInclude Include="..\..\util\inc\xt_alg_define.h">
      <Filter>util\inc</Filter>
    </ClInclude>
    <ClInclude Include="..\..\util\inc\xt_alg_sort_insert.h">
      <Filter>util\inc</Filter>
    </ClInclude>
    <ClInclude Include="..\..\util\inc\xt_alg_sort_selsort.h">
      <Filter>util\inc</Filter>
    </ClInclude>
    <ClInclude Include="..\..\util\inc\xt_alg_heap.h">
      <Filter>util\inc</Filter>
    </ClInclude>
    <ClInclude Include="..\..\util\inc\xt_mem_chunk.h">
      <Filter>util\inc</Filter>
    </ClInclude>
    <ClInclude Include="..\..\net\inc\xt_net_msgbuf.h">
      <Filter>net\inc</Filter>
    </ClInclude>
    <ClInclude Include="..\..\util\inc\xt_mutex.h">
      <Filter>util\inc</Filter>
    </ClInclude>
    <ClInclude Include="..\..\net\inc\xt_net_evtbuf.h">
      <Filter>net\inc</Filter>
    </ClInclude>
    <ClInclude Include="..\..\net\reactor\XtEvtHndlrSig.h">
      <Filter>net\_reactor</Filter>
    </ClInclude>
    <ClInclude Include="..\..\net\reactor\XtNetEvtHandler.h">
      <Filter>net\_reactor</Filter>
    </ClInclude>
    <ClInclude Include="inc\_test_app.h">
      <Filter>Header Files\inc</Filter>
    </ClInclude>
    <ClInclude Include="inc\_test_net.h">
      <Filter>Header Files\inc</Filter>
    </ClInclude>
    <ClInclude Include="..\..\inc\xtrovert.h">
      <Filter>inc</Filter>
    </ClInclude>
    <ClInclude Include="..\..\app\inc\XtCmdTarget.h">
      <Filter>app\inc</Filter>
    </ClInclude>
    <ClInclude Include="..\..\app\inc\XtThread.h">
      <Filter>app\inc</Filter>
    </ClInclude>
    <ClInclude Include="..\..\xt_api\xt_thread_define.h">
      <Filter>xt_api</Filter>
    </ClInclude>
    <ClInclude Include="..\..\app\inc\XtDocument.h">
      <Filter>app\inc</Filter>
    </ClInclude>
    <ClInclude Include="..\..\app\inc\XtArchive.h">
      <Filter>app\inc</Filter>
    </ClInclude>
    <ClInclude Include="..\..\app\inc\XtAppMsgMap.h">
      <Filter>app\inc</Filter>
    </ClInclude>
    <ClInclude Include="..\..\app\inc\XtAppMessage.h">
      <Filter>app\inc</Filter>
    </ClInclude>
    <ClInclude Include="..\..\app\inc\XtCmdLineInfo.h">
      <Filter>app\inc</Filter>
    </ClInclude>
    <ClInclude Include="..\..\app\xafx\xafx.h">
      <Filter>app\xafx</Filter>
    </ClInclude>
    <ClInclude Include="..\..\app\xafx\xafx_app.h">
      <Filter>app\xafx</Filter>
    </ClInclude>
    <ClInclude Include="..\..\app\xafx\xafx_msg.h">
      <Filter>app\xafx</Filter>
    </ClInclude>
    <ClInclude Include="..\..\util\inc\xt_obj_que.h">
      <Filter>util\inc</Filter>
    </ClInclude>
    <ClInclude Include="..\..\app\xafx\xafx_app_module.h">
      <Filter>app\xafx</Filter>
    </ClInclude>
    <ClInclude Include="..\..\app\xafx\xafx_define.h">
      <Filter>app\xafx</Filter>
    </ClInclude>
  </ItemGroup>
  <ItemGroup>
    <ClCompile Include="stdafx.cpp">
      <Filter>Source Files</Filter>
    </ClCompile>
    <ClCompile Include="xt_proj.cpp">
      <Filter>Source Files</Filter>
    </ClCompile>
    <ClCompile Include="..\..\xt_api\xt_file_api.c">
      <Filter>xt_api</Filter>
    </ClCompile>
    <ClCompile Include="..\..\xt_api\xt_io_api.c">
      <Filter>xt_api</Filter>
    </ClCompile>
    <ClCompile Include="..\..\xt_api\xt_mem_api.c">
      <Filter>xt_api</Filter>
    </ClCompile>
    <ClCompile Include="..\..\xt_api\xt_net_api.c">
      <Filter>xt_api</Filter>
    </ClCompile>
    <ClCompile Include="..\..\xt_api\xt_sig_api.c">
      <Filter>xt_api</Filter>
    </ClCompile>
    <ClCompile Include="..\..\xt_api\xt_str_api.c">
      <Filter>xt_api</Filter>
    </ClCompile>
    <ClCompile Include="..\..\xt_api\xt_time_api.c">
      <Filter>xt_api</Filter>
    </ClCompile>
    <ClCompile Include="..\..\xt_api\_xt_api_main.c">
      <Filter>xt_api</Filter>
    </ClCompile>
    <ClCompile Include="..\..\xt_api\xt_define.c">
      <Filter>xt_api</Filter>
    </ClCompile>
    <ClCompile Include="..\..\app\src\XtApp.cpp">
      <Filter>app\src</Filter>
    </ClCompile>
    <ClCompile Include="..\..\util\src\XtMemAlloc.cpp">
      <Filter>util\src</Filter>
    </ClCompile>
    <ClCompile Include="..\..\util\src\XtObjPool.cpp">
      <Filter>util\src</Filter>
    </ClCompile>
    <ClCompile Include="..\..\util\src\xt_cmd_line.c">
      <Filter>util\src</Filter>
    </ClCompile>
    <ClCompile Include="..\..\util\src\XtRuntimeClass.cpp">
      <Filter>util\src</Filter>
    </ClCompile>
    <ClCompile Include="..\..\net\reactor\XtEventHandler.cpp">
      <Filter>net\_reactor</Filter>
    </ClCompile>
    <ClCompile Include="..\..\net\reactor\XtReactor.cpp">
      <Filter>net\_reactor</Filter>
    </ClCompile>
    <ClCompile Include="..\..\net\reactor\xt_reactor_define.c">
      <Filter>net\_reactor</Filter>
    </ClCompile>
    <ClCompile Include="..\..\util\src\xt_alg_sort_qsort.c">
      <Filter>util\src</Filter>
    </ClCompile>
    <ClCompile Include="..\..\util\src\xt_alg_define.c">
      <Filter>util\src</Filter>
    </ClCompile>
    <ClCompile Include="..\..\util\src\xt_alg_heap.c">
      <Filter>util\src</Filter>
    </ClCompile>
    <ClCompile Include="..\..\util\src\xt_alg_sort_insert.c">
      <Filter>util\src</Filter>
    </ClCompile>
    <ClCompile Include="..\..\util\src\xt_alg_sort_selsort.c">
      <Filter>util\src</Filter>
    </ClCompile>
    <ClCompile Include="..\..\util\src\xt_mem_chunk.c">
      <Filter>util\src</Filter>
    </ClCompile>
    <ClCompile Include="..\..\net\src\xt_net_msgbuf.c">
      <Filter>net\src</Filter>
    </ClCompile>
    <ClCompile Include="..\..\net\reactor\XtEvtHndlrSig.cpp">
      <Filter>net\_reactor</Filter>
    </ClCompile>
    <ClCompile Include="..\..\net\reactor\XtNetEvtHandler.cpp">
      <Filter>net\_reactor</Filter>
    </ClCompile>
    <ClCompile Include="src\_test_app.cpp">
      <Filter>Source Files\src</Filter>
    </ClCompile>
    <ClCompile Include="src\_test_net.cpp">
      <Filter>Source Files\src</Filter>
    </ClCompile>
    <ClCompile Include="..\..\src\xtrovert.c">
      <Filter>src</Filter>
    </ClCompile>
    <ClCompile Include="..\..\app\src\XtCmdTarget.cpp">
      <Filter>app\src</Filter>
    </ClCompile>
    <ClCompile Include="..\..\xt_api\internal\xt_thread_api_win.c">
      <Filter>xt_api</Filter>
    </ClCompile>
    <ClCompile Include="..\..\xt_api\xt_thread_api.c">
      <Filter>xt_api</Filter>
    </ClCompile>
    <ClCompile Include="..\..\app\src\XtThread.cpp">
      <Filter>app\src</Filter>
    </ClCompile>
    <ClCompile Include="..\..\app\src\XtCmdLineInfo.cpp">
      <Filter>app\src</Filter>
    </ClCompile>
    <ClCompile Include="..\..\app\xafx\xafx_app.cpp">
      <Filter>app\xafx</Filter>
    </ClCompile>
    <ClCompile Include="..\..\util\src\xt_obj_que.c">
      <Filter>util\src</Filter>
    </ClCompile>
    <ClCompile Include="..\..\app\xafx\xafx_msg.cpp">
      <Filter>app\xafx</Filter>
    </ClCompile>
    <ClCompile Include="..\..\app\xafx\xafx_app_module.cpp">
      <Filter>app\xafx</Filter>
    </ClCompile>
    <ClCompile Include="..\..\app\xafx\xafx.cpp">
      <Filter>app\xafx</Filter>
    </ClCompile>
  </ItemGroup>
</Project>